
Microsoft Visual Studio Solution File, Format Version 12.00
# Visual Studio Version 17
VisualStudioVersion = 17.13.35931.197 d17.13
MinimumVisualStudioVersion = 10.0.40219.1
Project("{FAE04EC0-301F-11D3-BF4B-00C04F79EFBC}") = "MvcCvProject", "MvcCvProject.csproj", "{DDFD6A5F-ABBD-4425-8963-3D8F704575F7}"
EndProject
Global
	GlobalSection(SolutionConfigurationPlatforms) = preSolution
		Debug|Any CPU = Debug|Any CPU
		Release|Any CPU = Release|Any CPU
	EndGlobalSection
	GlobalSection(ProjectConfigurationPlatforms) = postSolution
		{DDFD6A5F-ABBD-4425-8963-3D8F704575F7}.Debug|Any CPU.ActiveCfg = Debug|Any CPU
		{DDFD6A5F-ABBD-4425-8963-3D8F704575F7}.Debug|Any CPU.Build.0 = Debug|Any CPU
		{DDFD6A5F-ABBD-4425-8963-3D8F704575F7}.Release|Any CPU.ActiveCfg = Release|Any CPU
		{DDFD6A5F-ABBD-4425-8963-3D8F704575F7}.Release|Any CPU.Build.0 = Release|Any CPU
	EndGlobalSection
	GlobalSection(SolutionProperties) = preSolution
		HideSolutionNode = FALSE
	EndGlobalSection
	GlobalSection(ExtensibilityGlobals) = postSolution
		SolutionGuid = {7EA0BDF6-16D8-45AB-AA80-F92E4D80D7A6}
	EndGlobalSection
EndGlobal
